// !$*UTF8*$!
{
	archiveVersion = 1;
	classes = {
	};
	objectVersion = 50;
	objects = {

/* Begin PBXBuildFile section */
		E390E0F823A0C4D800A1CFE1 /* Classes in Resources */ = {isa = PBXBuildFile; fileRef = E390E0F723A0C4D800A1CFE1 /* Classes */; };
		E390E0FD23A101DA00A1CFE1 /* Main.storyboard in Resources */ = {isa = PBXBuildFile; fileRef = E390E0FB23A101DA00A1CFE1 /* Main.storyboard */; };
		E3E9C0F123942466006FDE05 /* AppDelegate.swift in Sources */ = {isa = PBXBuildFile; fileRef = E3E9C0F023942466006FDE05 /* AppDelegate.swift */; };
		E3E9C0F323942466006FDE05 /* ViewController.swift in Sources */ = {isa = PBXBuildFile; fileRef = E3E9C0F223942466006FDE05 /* ViewController.swift */; };
		E3E9C0F823942469006FDE05 /* Assets.xcassets in Resources */ = {isa = PBXBuildFile; fileRef = E3E9C0F723942469006FDE05 /* Assets.xcassets */; };
		E3E9C0FB23942469006FDE05 /* LaunchScreen.storyboard in Resources */ = {isa = PBXBuildFile; fileRef = E3E9C0F923942469006FDE05 /* LaunchScreen.storyboard */; };
		E3E9C10623942469006FDE05 /* SmartControlTests.swift in Sources */ = {isa = PBXBuildFile; fileRef = E3E9C10523942469006FDE05 /* SmartControlTests.swift */; };
		E3E9C11123942469006FDE05 /* SmartControlUITests.swift in Sources */ = {isa = PBXBuildFile; fileRef = E3E9C11023942469006FDE05 /* SmartControlUITests.swift */; };
/* End PBXBuildFile section */

/* Begin PBXContainerItemProxy section */
		E3E9C10223942469006FDE05 /* PBXContainerItemProxy */ = {
			isa = PBXContainerItemProxy;
			containerPortal = E3E9C0E523942466006FDE05 /* Project object */;
			proxyType = 1;
			remoteGlobalIDString = E3E9C0EC23942466006FDE05;
			remoteInfo = SmartControl;
		};
		E3E9C10D23942469006FDE05 /* PBXContainerItemProxy */ = {
			isa = PBXContainerItemProxy;
			containerPortal = E3E9C0E523942466006FDE05 /* Project object */;
			proxyType = 1;
			remoteGlobalIDString = E3E9C0EC23942466006FDE05;
			remoteInfo = SmartControl;
		};
/* End PBXContainerItemProxy section */

/* Begin PBXFileReference section */
		E390E0F723A0C4D800A1CFE1 /* Classes */ = {isa = PBXFileReference; lastKnownFileType = folder; path = Classes; sourceTree = "<group>"; };
		E390E0FC23A101DA00A1CFE1 /* Base */ = {isa = PBXFileReference; lastKnownFileType = file.storyboard; name = Base; path = "../../Arduino_Servo_Starter-Swift3/Arduino_Servo/Base.lproj/Main.storyboard"; sourceTree = "<group>"; };
		E3E9C0ED23942466006FDE05 /* SmartControl.app */ = {isa = PBXFileReference; explicitFileType = wrapper.application; includeInIndex = 0; path = SmartControl.app; sourceTree = BUILT_PRODUCTS_DIR; };
		E3E9C0F023942466006FDE05 /* AppDelegate.swift */ = {isa = PBXFileReference; lastKnownFileType = sourcecode.swift; path = AppDelegate.swift; sourceTree = "<group>"; };
		E3E9C0F223942466006FDE05 /* ViewController.swift */ = {isa = PBXFileReference; lastKnownFileType = sourcecode.swift; path = ViewController.swift; sourceTree = "<group>"; };
		E3E9C0F723942469006FDE05 /* Assets.xcassets */ = {isa = PBXFileReference; lastKnownFileType = folder.assetcatalog; path = Assets.xcassets; sourceTree = "<group>"; };
		E3E9C0FA23942469006FDE05 /* Base */ = {isa = PBXFileReference; lastKnownFileType = file.storyboard; name = Base; path = Base.lproj/LaunchScreen.storyboard; sourceTree = "<group>"; };
		E3E9C0FC23942469006FDE05 /* Info.plist */ = {isa = PBXFileReference; lastKnownFileType = text.plist.xml; path = Info.plist; sourceTree = "<group>"; };
		E3E9C10123942469006FDE05 /* SmartControlTests.xctest */ = {isa = PBXFileReference; explicitFileType = wrapper.cfbundle; includeInIndex = 0; path = SmartControlTests.xctest; sourceTree = BUILT_PRODUCTS_DIR; };
		E3E9C10523942469006FDE05 /* SmartControlTests.swift */ = {isa = PBXFileReference; lastKnownFileType = sourcecode.swift; path = SmartControlTests.swift; sourceTree = "<group>"; };
		E3E9C10723942469006FDE05 /* Info.plist */ = {isa = PBXFileReference; lastKnownFileType = text.plist.xml; path = Info.plist; sourceTree = "<group>"; };
		E3E9C10C23942469006FDE05 /* SmartControlUITests.xctest */ = {isa = PBXFileReference; explicitFileType = wrapper.cfbundle; includeInIndex = 0; path = SmartControlUITests.xctest; sourceTree = BUILT_PRODUCTS_DIR; };
		E3E9C11023942469006FDE05 /* SmartControlUITests.swift */ = {isa = PBXFileReference; lastKnownFileType = sourcecode.swift; path = SmartControlUITests.swift; sourceTree = "<group>"; };
		E3E9C11223942469006FDE05 /* Info.plist */ = {isa = PBXFileReference; lastKnownFileType = text.plist.xml; path = Info.plist; sourceTree = "<group>"; };
/* End PBXFileReference section */

/* Begin PBXFrameworksBuildPhase section */
		E3E9C0EA23942466006FDE05 /* Frameworks */ = {
			isa = PBXFrameworksBuildPhase;
			buildActionMask = 2147483647;
			files = (
			);
			runOnlyForDeploymentPostprocessing = 0;
		};
		E3E9C0FE23942469006FDE05 /* Frameworks */ = {
			isa = PBXFrameworksBuildPhase;
			buildActionMask = 2147483647;
			files = (
			);
			runOnlyForDeploymentPostprocessing = 0;
		};
		E3E9C10923942469006FDE05 /* Frameworks */ = {
			isa = PBXFrameworksBuildPhase;
			buildActionMask = 2147483647;
			files = (
			);
			runOnlyForDeploymentPostprocessing = 0;
		};
/* End PBXFrameworksBuildPhase section */

/* Begin PBXGroup section */
		E3E9C0E423942466006FDE05 = {
			isa = PBXGroup;
			children = (
				E3E9C0EF23942466006FDE05 /* SmartControl */,
				E3E9C10423942469006FDE05 /* SmartControlTests */,
				E3E9C10F23942469006FDE05 /* SmartControlUITests */,
				E3E9C0EE23942466006FDE05 /* Products */,
			);
			sourceTree = "<group>";
		};
		E3E9C0EE23942466006FDE05 /* Products */ = {
			isa = PBXGroup;
			children = (
				E3E9C0ED23942466006FDE05 /* SmartControl.app */,
				E3E9C10123942469006FDE05 /* SmartControlTests.xctest */,
				E3E9C10C23942469006FDE05 /* SmartControlUITests.xctest */,
			);
			name = Products;
			sourceTree = "<group>";
		};
		E3E9C0EF23942466006FDE05 /* SmartControl */ = {
			isa = PBXGroup;
			children = (
				E390E0F723A0C4D800A1CFE1 /* Classes */,
				E3E9C0F023942466006FDE05 /* AppDelegate.swift */,
				E390E0FB23A101DA00A1CFE1 /* Main.storyboard */,
				E3E9C0F223942466006FDE05 /* ViewController.swift */,
				E3E9C0F723942469006FDE05 /* Assets.xcassets */,
				E3E9C0F923942469006FDE05 /* LaunchScreen.storyboard */,
				E3E9C0FC23942469006FDE05 /* Info.plist */,
			);
			path = SmartControl;
			sourceTree = "<group>";
		};
		E3E9C10423942469006FDE05 /* SmartControlTests */ = {
			isa = PBXGroup;
			children = (
				E3E9C10523942469006FDE05 /* SmartControlTests.swift */,
				E3E9C10723942469006FDE05 /* Info.plist */,
			);
			path = SmartControlTests;
			sourceTree = "<group>";
		};
		E3E9C10F23942469006FDE05 /* SmartControlUITests */ = {
			isa = PBXGroup;
			children = (
				E3E9C11023942469006FDE05 /* SmartControlUITests.swift */,
				E3E9C11223942469006FDE05 /* Info.plist */,
			);
			path = SmartControlUITests;
			sourceTree = "<group>";
		};
/* End PBXGroup section */

/* Begin PBXNativeTarget section */
		E3E9C0EC23942466006FDE05 /* SmartControl */ = {
			isa = PBXNativeTarget;
			buildConfigurationList = E3E9C11523942469006FDE05 /* Build configuration list for PBXNativeTarget "SmartControl" */;
			buildPhases = (
				E3E9C0E923942466006FDE05 /* Sources */,
				E3E9C0EA23942466006FDE05 /* Frameworks */,
				E3E9C0EB23942466006FDE05 /* Resources */,
			);
			buildRules = (
			);
			dependencies = (
			);
			name = SmartControl;
			productName = SmartControl;
			productReference = E3E9C0ED23942466006FDE05 /* SmartControl.app */;
			productType = "com.apple.product-type.application";
		};
		E3E9C10023942469006FDE05 /* SmartControlTests */ = {
			isa = PBXNativeTarget;
			buildConfigurationList = E3E9C11823942469006FDE05 /* Build configuration list for PBXNativeTarget "SmartControlTests" */;
			buildPhases = (
				E3E9C0FD23942469006FDE05 /* Sources */,
				E3E9C0FE23942469006FDE05 /* Frameworks */,
				E3E9C0FF23942469006FDE05 /* Resources */,
			);
			buildRules = (
			);
			dependencies = (
				E3E9C10323942469006FDE05 /* PBXTargetDependency */,
			);
			name = SmartControlTests;
			productName = SmartControlTests;
			productReference = E3E9C10123942469006FDE05 /* SmartControlTests.xctest */;
			productType = "com.apple.product-type.bundle.unit-test";
		};
		E3E9C10B23942469006FDE05 /* SmartControlUITests */ = {
			isa = PBXNativeTarget;
			buildConfigurationList = E3E9C11B23942469006FDE05 /* Build configuration list for PBXNativeTarget "SmartControlUITests" */;
			buildPhases = (
				E3E9C10823942469006FDE05 /* Sources */,
				E3E9C10923942469006FDE05 /* Frameworks */,
				E3E9C10A23942469006FDE05 /* Resources */,
			);
			buildRules = (
			);
			dependencies = (
				E3E9C10E23942469006FDE05 /* PBXTargetDependency */,
			);
			name = SmartControlUITests;
			productName = SmartControlUITests;
			productReference = E3E9C10C23942469006FDE05 /* SmartControlUITests.xctest */;
			productType = "com.apple.product-type.bundle.ui-testing";
		};
/* End PBXNativeTarget section */

/* Begin PBXProject section */
		E3E9C0E523942466006FDE05 /* Project object */ = {
			isa = PBXProject;
			attributes = {
				LastSwiftUpdateCheck = 1030;
				LastUpgradeCheck = 1030;
				ORGANIZATIONNAME = Self;
				TargetAttributes = {
					E3E9C0EC23942466006FDE05 = {
						CreatedOnToolsVersion = 10.3;
					};
					E3E9C10023942469006FDE05 = {
						CreatedOnToolsVersion = 10.3;
						TestTargetID = E3E9C0EC23942466006FDE05;
					};
					E3E9C10B23942469006FDE05 = {
						CreatedOnToolsVersion = 10.3;
						TestTargetID = E3E9C0EC23942466006FDE05;
					};
				};
			};
			buildConfigurationList = E3E9C0E823942466006FDE05 /* Build configuration list for PBXProject "SmartControl" */;
			compatibilityVersion = "Xcode 9.3";
			developmentRegion = en;
			hasScannedForEncodings = 0;
			knownRegions = (
				en,
				Base,
			);
			mainGroup = E3E9C0E423942466006FDE05;
			productRefGroup = E3E9C0EE23942466006FDE05 /* Products */;
			projectDirPath = "";
			projectRoot = "";
			targets = (
				E3E9C0EC23942466006FDE05 /* SmartControl */,
				E3E9C10023942469006FDE05 /* SmartControlTests */,
				E3E9C10B23942469006FDE05 /* SmartControlUITests */,
			);
		};
/* End PBXProject section */

/* Begin PBXResourcesBuildPhase section */
		E3E9C0EB23942466006FDE05 /* Resources */ = {
			isa = PBXResourcesBuildPhase;
			buildActionMask = 2147483647;
			files = (
				E3E9C0FB23942469006FDE05 /* LaunchScreen.storyboard in Resources */,
				E390E0FD23A101DA00A1CFE1 /* Main.storyboard in Resources */,
				E390E0F823A0C4D800A1CFE1 /* Classes in Resources */,
				E3E9C0F823942469006FDE05 /* Assets.xcassets in Resources */,
			);
			runOnlyForDeploymentPostprocessing = 0;
		};
		E3E9C0FF23942469006FDE05 /* Resources */ = {
			isa = PBXResourcesBuildPhase;
			buildActionMask = 2147483647;
			files = (
			);
			runOnlyForDeploymentPostprocessing = 0;
		};
		E3E9C10A23942469006FDE05 /* Resources */ = {
			isa = PBXResourcesBuildPhase;
			buildActionMask = 2147483647;
			files = (
			);
			runOnlyForDeploymentPostprocessing = 0;
		};
/* End PBXResourcesBuildPhase section */

/* Begin PBXSourcesBuildPhase section */
		E3E9C0E923942466006FDE05 /* Sources */ = {
			isa = PBXSourcesBuildPhase;
			buildActionMask = 2147483647;
			files = (
				E3E9C0F323942466006FDE05 /* ViewController.swift in Sources */,
				E3E9C0F123942466006FDE05 /* AppDelegate.swift in Sources */,
			);
			runOnlyForDeploymentPostprocessing = 0;
		};
		E3E9C0FD23942469006FDE05 /* Sources */ = {
			isa = PBXSourcesBuildPhase;
			buildActionMask = 2147483647;
			files = (
				E3E9C10623942469006FDE05 /* SmartControlTests.swift in Sources */,
			);
			runOnlyForDeploymentPostprocessing = 0;
		};
		E3E9C10823942469006FDE05 /* Sources */ = {
			isa = PBXSourcesBuildPhase;
			buildActionMask = 2147483647;
			files = (
				E3E9C11123942469006FDE05 /* SmartControlUITests.swift in Sources */,
			);
			runOnlyForDeploymentPostprocessing = 0;
		};
/* End PBXSourcesBuildPhase section */

/* Begin PBXTargetDependency section */
		E3E9C10323942469006FDE05 /* PBXTargetDependency */ = {
			isa = PBXTargetDependency;
			target = E3E9C0EC23942466006FDE05 /* SmartControl */;
			targetProxy = E3E9C10223942469006FDE05 /* PBXContainerItemProxy */;
		};
		E3E9C10E23942469006FDE05 /* PBXTargetDependency */ = {
			isa = PBXTargetDependency;
			target = E3E9C0EC23942466006FDE05 /* SmartControl */;
			targetProxy = E3E9C10D23942469006FDE05 /* PBXContainerItemProxy */;
		};
/* End PBXTargetDependency section */

/* Begin PBXVariantGroup section */
		E390E0FB23A101DA00A1CFE1 /* Main.storyboard */ = {
			isa = PBXVariantGroup;
			children = (
				E390E0FC23A101DA00A1CFE1 /* Base */,
			);
			name = Main.storyboard;
			sourceTree = "<group>";
		};
		E3E9C0F923942469006FDE05 /* LaunchScreen.storyboard */ = {
			isa = PBXVariantGroup;
			children = (
				E3E9C0FA23942469006FDE05 /* Base */,
			);
			name = LaunchScreen.storyboard;
			sourceTree = "<group>";
		};
/* End PBXVariantGroup section */

/* Begin XCBuildConfiguration section */
		E3E9C11323942469006FDE05 /* Debug */ = {
			isa = XCBuildConfiguration;
			buildSettings = {
				ALWAYS_SEARCH_USER_PATHS = NO;
				CLANG_ANALYZER_NONNULL = YES;
				CLANG_ANALYZER_NUMBER_OBJECT_CONVERSION = YES_AGGRESSIVE;
				CLANG_CXX_LANGUAGE_STANDARD = "gnu++14";
				CLANG_CXX_LIBRARY = "libc++";
				CLANG_ENABLE_MODULES = YES;
				CLANG_ENABLE_OBJC_ARC = YES;
				CLANG_ENABLE_OBJC_WEAK = YES;
				CLANG_WARN_BLOCK_CAPTURE_AUTORELEASING = YES;
				CLANG_WARN_BOOL_CONVERSION = YES;
				CLANG_WARN_COMMA = YES;
				CLANG_WARN_CONSTANT_CONVERSION = YES;
				CLANG_WARN_DEPRECATED_OBJC_IMPLEMENTATIONS = YES;
				CLANG_WARN_DIRECT_OBJC_ISA_USAGE = YES_ERROR;
				CLANG_WARN_DOCUMENTATION_COMMENTS = YES;
				CLANG_WARN_EMPTY_BODY = YES;
				CLANG_WARN_ENUM_CONVERSION = YES;
				CLANG_WARN_INFINITE_RECURSION = YES;
				CLANG_WARN_INT_CONVERSION = YES;
				CLANG_WARN_NON_LITERAL_NULL_CONVERSION = YES;
				CLANG_WARN_OBJC_IMPLICIT_RETAIN_SELF = YES;
				CLANG_WARN_OBJC_LITERAL_CONVERSION = YES;
				CLANG_WARN_OBJC_ROOT_CLASS = YES_ERROR;
				CLANG_WARN_RANGE_LOOP_ANALYSIS = YES;
				CLANG_WARN_STRICT_PROTOTYPES = YES;
				CLANG_WARN_SUSPICIOUS_MOVE = YES;
				CLANG_WARN_UNGUARDED_AVAILABILITY = YES_AGGRESSIVE;
				CLANG_WARN_UNREACHABLE_CODE = YES;
				CLANG_WARN__DUPLICATE_METHOD_MATCH = YES;
				CODE_SIGN_IDENTITY = "iPhone Developer";
				COPY_PHASE_STRIP = NO;
				DEBUG_INFORMATION_FORMAT = dwarf;
				ENABLE_STRICT_OBJC_MSGSEND = YES;
				ENABLE_TESTABILITY = YES;
				GCC_C_LANGUAGE_STANDARD = gnu11;
				GCC_DYNAMIC_NO_PIC = NO;
				GCC_NO_COMMON_BLOCKS = YES;
				GCC_OPTIMIZATION_LEVEL = 0;
				GCC_PREPROCESSOR_DEFINITIONS = (
					"DEBUG=1",
					"$(inherited)",
				);
				GCC_WARN_64_TO_32_BIT_CONVERSION = YES;
				GCC_WARN_ABOUT_RETURN_TYPE = YES_ERROR;
				GCC_WARN_UNDECLARED_SELECTOR = YES;
				GCC_WARN_UNINITIALIZED_AUTOS = YES_AGGRESSIVE;
				GCC_WARN_UNUSED_FUNCTION = YES;
				GCC_WARN_UNUSED_VARIABLE = YES;
				IPHONEOS_DEPLOYMENT_TARGET = 12.4;
				MTL_ENABLE_DEBUG_INFO = INCLUDE_SOURCE;
				MTL_FAST_MATH = YES;
				ONLY_ACTIVE_ARCH = YES;
				SDKROOT = iphoneos;
				SWIFT_ACTIVE_COMPILATION_CONDITIONS = DEBUG;
				SWIFT_OPTIMIZATION_LEVEL = "-Onone";
			};
			name = Debug;
		};
		E3E9C11423942469006FDE05 /* Release */ = {
			isa = XCBuildConfiguration;
			buildSettings = {
				ALWAYS_SEARCH_USER_PATHS = NO;
				CLANG_ANALYZER_NONNULL = YES;
				CLANG_ANALYZER_NUMBER_OBJECT_CONVERSION = YES_AGGRESSIVE;
				CLANG_CXX_LANGUAGE_STANDARD = "gnu++14";
				CLANG_CXX_LIBRARY = "libc++";
				CLANG_ENABLE_MODULES = YES;
				CLANG_ENABLE_OBJC_ARC = YES;
				CLANG_ENABLE_OBJC_WEAK = YES;
				CLANG_WARN_BLOCK_CAPTURE_AUTORELEASING = YES;
				CLANG_WARN_BOOL_CONVERSION = YES;
				CLANG_WARN_COMMA = YES;
				CLANG_WARN_CONSTANT_CONVERSION = YES;
				CLANG_WARN_DEPRECATED_OBJC_IMPLEMENTATIONS = YES;
				CLANG_WARN_DIRECT_OBJC_ISA_USAGE = YES_ERROR;
				CLANG_WARN_DOCUMENTATION_COMMENTS = YES;
				CLANG_WARN_EMPTY_BODY = YES;
				CLANG_WARN_ENUM_CONVERSION = YES;
				CLANG_WARN_INFINITE_RECURSION = YES;
				CLANG_WARN_INT_CONVERSION = YES;
				CLANG_WARN_NON_LITERAL_NULL_CONVERSION = YES;
				CLANG_WARN_OBJC_IMPLICIT_RETAIN_SELF = YES;
				CLANG_WARN_OBJC_LITERAL_CONVERSION = YES;
				CLANG_WARN_OBJC_ROOT_CLASS = YES_ERROR;
				CLANG_WARN_RANGE_LOOP_ANALYSIS = YES;
				CLANG_WARN_STRICT_PROTOTYPES = YES;
				CLANG_WARN_SUSPICIOUS_MOVE = YES;
				CLANG_WARN_UNGUARDED_AVAILABILITY = YES_AGGRESSIVE;
				CLANG_WARN_UNREACHABLE_CODE = YES;
				CLANG_WARN__DUPLICATE_METHOD_MATCH = YES;
				CODE_SIGN_IDENTITY = "iPhone Developer";
				COPY_PHASE_STRIP = NO;
				DEBUG_INFORMATION_FORMAT = "dwarf-with-dsym";
				ENABLE_NS_ASSERTIONS = NO;
				ENABLE_STRICT_OBJC_MSGSEND = YES;
				GCC_C_LANGUAGE_STANDARD = gnu11;
				GCC_NO_COMMON_BLOCKS = YES;
				GCC_WARN_64_TO_32_BIT_CONVERSION = YES;
				GCC_WARN_ABOUT_RETURN_TYPE = YES_ERROR;
				GCC_WARN_UNDECLARED_SELECTOR = YES;
				GCC_WARN_UNINITIALIZED_AUTOS = YES_AGGRESSIVE;
				GCC_WARN_UNUSED_FUNCTION = YES;
				GCC_WARN_UNUSED_VARIABLE = YES;
				IPHONEOS_DEPLOYMENT_TARGET = 12.4;
				MTL_ENABLE_DEBUG_INFO = NO;
				MTL_FAST_MATH = YES;
				SDKROOT = iphoneos;
				SWIFT_COMPILATION_MODE = wholemodule;
				SWIFT_OPTIMIZATION_LEVEL = "-O";
				VALIDATE_PRODUCT = YES;
			};
			name = Release;
		};
		E3E9C11623942469006FDE05 /* Debug */ = {
			isa = XCBuildConfiguration;
			buildSettings = {
				ASSETCATALOG_COMPILER_APPICON_NAME = AppIcon;
				CODE_SIGN_STYLE = Automatic;
				INFOPLIST_FILE = SmartControl/Info.plist;
				LD_RUNPATH_SEARCH_PATHS = (
					"$(inherited)",
					"@executable_path/Frameworks",
				);
				PRODUCT_BUNDLE_IDENTIFIER = s.SmartControl;
				PRODUCT_NAME = "$(TARGET_NAME)";
				SWIFT_VERSION = 5.0;
				TARGETED_DEVICE_FAMILY = "1,2";
			};
			name = Debug;
		};
		E3E9C11723942469006FDE05 /* Release */ = {
			isa = XCBuildConfiguration;
			buildSettings = {
				ASSETCATALOG_COMPILER_APPICON_NAME = AppIcon;
				CODE_SIGN_STYLE = Automatic;
				INFOPLIST_FILE = SmartControl/Info.plist;
				LD_RUNPATH_SEARCH_PATHS = (
					"$(inherited)",
					"@executable_path/Frameworks",
				);
				PRODUCT_BUNDLE_IDENTIFIER = s.SmartControl;
				PRODUCT_NAME = "$(TARGET_NAME)";
				SWIFT_VERSION = 5.0;
				TARGETED_DEVICE_FAMILY = "1,2";
			};
			name = Release;
		};
		E3E9C11923942469006FDE05 /* Debug */ = {
			isa = XCBuildConfiguration;
			buildSettings = {
				ALWAYS_EMBED_SWIFT_STANDARD_LIBRARIES = YES;
				BUNDLE_LOADER = "$(TEST_HOST)";
				CODE_SIGN_STYLE = Automatic;
				INFOPLIST_FILE = SmartControlTests/Info.plist;
				LD_RUNPATH_SEARCH_PATHS = (
					"$(inherited)",
					"@executable_path/Frameworks",
					"@loader_path/Frameworks",
				);
				PRODUCT_BUNDLE_IDENTIFIER = s.SmartControlTests;
				PRODUCT_NAME = "$(TARGET_NAME)";
				SWIFT_VERSION = 5.0;
				TARGETED_DEVICE_FAMILY = "1,2";
				TEST_HOST = "$(BUILT_PRODUCTS_DIR)/SmartControl.app/SmartControl";
			};
			name = Debug;
		};
		E3E9C11A23942469006FDE05 /* Release */ = {
			isa = XCBuildConfiguration;
			buildSettings = {
				ALWAYS_EMBED_SWIFT_STANDARD_LIBRARIES = YES;
				BUNDLE_LOADER = "$(TEST_HOST)";
				CODE_SIGN_STYLE = Automatic;
				INFOPLIST_FILE = SmartControlTests/Info.plist;
				LD_RUNPATH_SEARCH_PATHS = (
					"$(inherited)",
					"@executable_path/Frameworks",
					"@loader_path/Frameworks",
				);
				PRODUCT_BUNDLE_IDENTIFIER = s.SmartControlTests;
				PRODUCT_NAME = "$(TARGET_NAME)";
				SWIFT_VERSION = 5.0;
				TARGETED_DEVICE_FAMILY = "1,2";
				TEST_HOST = "$(BUILT_PRODUCTS_DIR)/SmartControl.app/SmartControl";
			};
			name = Release;
		};
		E3E9C11C23942469006FDE05 /* Debug */ = {
			isa = XCBuildConfiguration;
			buildSettings = {
				ALWAYS_EMBED_SWIFT_STANDARD_LIBRARIES = YES;
				CODE_SIGN_STYLE = Automatic;
				INFOPLIST_FILE = SmartControlUITests/Info.plist;
				LD_RUNPATH_SEARCH_PATHS = (
					"$(inherited)",
					"@executable_path/Frameworks",
					"@loader_path/Frameworks",
				);
				PRODUCT_BUNDLE_IDENTIFIER = s.SmartControlUITests;
				PRODUCT_NAME = "$(TARGET_NAME)";
				SWIFT_VERSION = 5.0;
				TARGETED_DEVICE_FAMILY = "1,2";
				TEST_TARGET_NAME = SmartControl;
			};
			name = Debug;
		};
		E3E9C11D23942469006FDE05 /* Release */ = {
			isa = XCBuildConfiguration;
			buildSettings = {
				ALWAYS_EMBED_SWIFT_STANDARD_LIBRARIES = YES;
				CODE_SIGN_STYLE = Automatic;
				INFOPLIST_FILE = SmartControlUITests/Info.plist;
				LD_RUNPATH_SEARCH_PATHS = (
					"$(inherited)",
					"@executable_path/Frameworks",
					"@loader_path/Frameworks",
				);
				PRODUCT_BUNDLE_IDENTIFIER = s.SmartControlUITests;
				PRODUCT_NAME = "$(TARGET_NAME)";
				SWIFT_VERSION = 5.0;
				TARGETED_DEVICE_FAMILY = "1,2";
				TEST_TARGET_NAME = SmartControl;
			};
			name = Release;
		};
/* End XCBuildConfiguration section */

/* Begin XCConfigurationList section */
		E3E9C0E823942466006FDE05 /* Build configuration list for PBXProject "SmartControl" */ = {
			isa = XCConfigurationList;
			buildConfigurations = (
				E3E9C11323942469006FDE05 /* Debug */,
				E3E9C11423942469006FDE05 /* Release */,
			);
			defaultConfigurationIsVisible = 0;
			defaultConfigurationName = Release;
		};
		E3E9C11523942469006FDE05 /* Build configuration list for PBXNativeTarget "SmartControl" */ = {
			isa = XCConfigurationList;
			buildConfigurations = (
				E3E9C11623942469006FDE05 /* Debug */,
				E3E9C11723942469006FDE05 /* Release */,
			);
			defaultConfigurationIsVisible = 0;
			defaultConfigurationName = Release;
		};
		E3E9C11823942469006FDE05 /* Build configuration list for PBXNativeTarget "SmartControlTests" */ = {
			isa = XCConfigurationList;
			buildConfigurations = (
				E3E9C11923942469006FDE05 /* Debug */,
				E3E9C11A23942469006FDE05 /* Release */,
			);
			defaultConfigurationIsVisible = 0;
			defaultConfigurationName = Release;
		};
		E3E9C11B23942469006FDE05 /* Build configuration list for PBXNativeTarget "SmartControlUITests" */ = {
			isa = XCConfigurationList;
			buildConfigurations = (
				E3E9C11C23942469006FDE05 /* Debug */,
				E3E9C11D23942469006FDE05 /* Release */,
			);
			defaultConfigurationIsVisible = 0;
			defaultConfigurationName = Release;
		};
/* End XCConfigurationList section */
	};
	rootObject = E3E9C0E523942466006FDE05 /* Project object */;
}
